github.com/Millefeuille42/TracimAPI v0.0.0-20230713155107-c63a86bb0178 h1:0N6jGudbQU4g776m/cXoh/wyb/WIPvADAQtu01pY1Tw=
github.com/Millefeuille42/TracimAPI v0.0.0-20230713155107-c63a86bb0178/go.mod h1:pBEQ8eOWV6tWGDiMFa+eYpYZ35WtVerut6MuTs63+UA=
github.com/Millefeuille42/TracimDaemonSDK v0.0.0-20230713165014-1e00aaeac999 h1:G8NtqJaAGHh8dtQYCGHwSdMCrdL/44cW1qW5nC+/aps=
github.com/Millefeuille42/TracimDaemonSDK v0.0.0-20230713165014-1e00aaeac999/go.mod h1:px3xY/zpDgM3GXMYm+cJsUfveGvyxLVIjltxp+K0NbQ=
